{
  "name": "config-file-helper-test",
  "version": "1.0.0",
  "lockfileVersion": 1,
  "requires": true,
  "dependencies": {
    "config-file-helper": {
      "version": "0.0.1",
      "resolved": "https://registry.npmjs.org/config-file-helper/-/config-file-helper-0.0.1.tgz",
      "integrity": "sha512-234zR3QBYoRP2IkDreYRRdtSSD+XbMc7RBei3DZkPQL/UOJULD8+7Np0LwUK1tUC1IloWj5Gu9t0YPoCep6dtw=="
    }
  }
}
