{
  "name": "config-file-helper-test",
  "version": "1.0.0",
  "lockfileVersion": 1,
  "requires": true,
  "dependencies": {
    "config-file-helper": {
      "version": "0.0.7",
      "resolved": "https://registry.npmjs.org/config-file-helper/-/config-file-helper-0.0.7.tgz",
      "integrity": "sha512-2BBBJ9assG2Wl4JilcJrfzyI0ejkYb1F3rpNjSNusxiIjdcJB2y9Wgql2aFzsmY9IsPEVsF93Uv2Krj+peQHZg=="
    }
  }
}
